// !$*UTF8*$!
{
	archiveVersion = 1;
	classes = {
	};
	objectVersion = 56;
	objects = {

/* Begin PBXBuildFile section */
		F39AF2292BC98969004E95BA /* NetworkingLayer_TestApp.swift in Sources */ = {isa = PBXBuildFile; fileRef = F39AF2282BC98969004E95BA /* NetworkingLayer_TestApp.swift */; };
		F39AF22B2BC98969004E95BA /* ContentView.swift in Sources */ = {isa = PBXBuildFile; fileRef = F39AF22A2BC98969004E95BA /* ContentView.swift */; };
		F39AF22D2BC9896B004E95BA /* Assets.xcassets in Resources */ = {isa = PBXBuildFile; fileRef = F39AF22C2BC9896B004E95BA /* Assets.xcassets */; };
		F39AF2302BC9896B004E95BA /* Preview Assets.xcassets in Resources */ = {isa = PBXBuildFile; fileRef = F39AF22F2BC9896B004E95BA /* Preview Assets.xcassets */; };
		F39AF23A2BC9896B004E95BA /* NetworkingLayer_TestTests.swift in Sources */ = {isa = PBXBuildFile; fileRef = F39AF2392BC9896B004E95BA /* NetworkingLayer_TestTests.swift */; };
		F39AF2442BC9896B004E95BA /* NetworkingLayer_TestUITests.swift in Sources */ = {isa = PBXBuildFile; fileRef = F39AF2432BC9896B004E95BA /* NetworkingLayer_TestUITests.swift */; };
		F39AF2462BC9896B004E95BA /* NetworkingLayer_TestUITestsLaunchTests.swift in Sources */ = {isa = PBXBuildFile; fileRef = F39AF2452BC9896B004E95BA /* NetworkingLayer_TestUITestsLaunchTests.swift */; };
/* End PBXBuildFile section */

/* Begin PBXContainerItemProxy section */
		F39AF2362BC9896B004E95BA /* PBXContainerItemProxy */ = {
			isa = PBXContainerItemProxy;
			containerPortal = F39AF21D2BC98969004E95BA /* Project object */;
			proxyType = 1;
			remoteGlobalIDString = F39AF2242BC98969004E95BA;
			remoteInfo = NetworkingLayer_Test;
		};
		F39AF2402BC9896B004E95BA /* PBXContainerItemProxy */ = {
			isa = PBXContainerItemProxy;
			containerPortal = F39AF21D2BC98969004E95BA /* Project object */;
			proxyType = 1;
			remoteGlobalIDString = F39AF2242BC98969004E95BA;
			remoteInfo = NetworkingLayer_Test;
		};
/* End PBXContainerItemProxy section */

/* Begin PBXFileReference section */
		F39AF2252BC98969004E95BA /* NetworkingLayer_Test.app */ = {isa = PBXFileReference; explicitFileType = wrapper.application; includeInIndex = 0; path = NetworkingLayer_Test.app; sourceTree = BUILT_PRODUCTS_DIR; };
		F39AF2282BC98969004E95BA /* NetworkingLayer_TestApp.swift */ = {isa = PBXFileReference; lastKnownFileType = sourcecode.swift; path = NetworkingLayer_TestApp.swift; sourceTree = "<group>"; };
		F39AF22A2BC98969004E95BA /* ContentView.swift */ = {isa = PBXFileReference; lastKnownFileType = sourcecode.swift; path = ContentView.swift; sourceTree = "<group>"; };
		F39AF22C2BC9896B004E95BA /* Assets.xcassets */ = {isa = PBXFileReference; lastKnownFileType = folder.assetcatalog; path = Assets.xcassets; sourceTree = "<group>"; };
		F39AF22F2BC9896B004E95BA /* Preview Assets.xcassets */ = {isa = PBXFileReference; lastKnownFileType = folder.assetcatalog; path = "Preview Assets.xcassets"; sourceTree = "<group>"; };
		F39AF2352BC9896B004E95BA /* NetworkingLayer_TestTests.xctest */ = {isa = PBXFileReference; explicitFileType = wrapper.cfbundle; includeInIndex = 0; path = NetworkingLayer_TestTests.xctest; sourceTree = BUILT_PRODUCTS_DIR; };
		F39AF2392BC9896B004E95BA /* NetworkingLayer_TestTests.swift */ = {isa = PBXFileReference; lastKnownFileType = sourcecode.swift; path = NetworkingLayer_TestTests.swift; sourceTree = "<group>"; };
		F39AF23F2BC9896B004E95BA /* NetworkingLayer_TestUITests.xctest */ = {isa = PBXFileReference; explicitFileType = wrapper.cfbundle; includeInIndex = 0; path = NetworkingLayer_TestUITests.xctest; sourceTree = BUILT_PRODUCTS_DIR; };
		F39AF2432BC9896B004E95BA /* NetworkingLayer_TestUITests.swift */ = {isa = PBXFileReference; lastKnownFileType = sourcecode.swift; path = NetworkingLayer_TestUITests.swift; sourceTree = "<group>"; };
		F39AF2452BC9896B004E95BA /* NetworkingLayer_TestUITestsLaunchTests.swift */ = {isa = PBXFileReference; lastKnownFileType = sourcecode.swift; path = NetworkingLayer_TestUITestsLaunchTests.swift; sourceTree = "<group>"; };
/* End PBXFileReference section */

/* Begin PBXFrameworksBuildPhase section */
		F39AF2222BC98969004E95BA /* Frameworks */ = {
			isa = PBXFrameworksBuildPhase;
			buildActionMask = 2147483647;
			files = (
			);
			runOnlyForDeploymentPostprocessing = 0;
		};
		F39AF2322BC9896B004E95BA /* Frameworks */ = {
			isa = PBXFrameworksBuildPhase;
			buildActionMask = 2147483647;
			files = (
			);
			runOnlyForDeploymentPostprocessing = 0;
		};
		F39AF23C2BC9896B004E95BA /* Frameworks */ = {
			isa = PBXFrameworksBuildPhase;
			buildActionMask = 2147483647;
			files = (
			);
			runOnlyForDeploymentPostprocessing = 0;
		};
/* End PBXFrameworksBuildPhase section */

/* Begin PBXGroup section */
		F39AF21C2BC98969004E95BA = {
			isa = PBXGroup;
			children = (
				F39AF2272BC98969004E95BA /* NetworkingLayer_Test */,
				F39AF2382BC9896B004E95BA /* NetworkingLayer_TestTests */,
				F39AF2422BC9896B004E95BA /* NetworkingLayer_TestUITests */,
				F39AF2262BC98969004E95BA /* Products */,
			);
			sourceTree = "<group>";
		};
		F39AF2262BC98969004E95BA /* Products */ = {
			isa = PBXGroup;
			children = (
				F39AF2252BC98969004E95BA /* NetworkingLayer_Test.app */,
				F39AF2352BC9896B004E95BA /* NetworkingLayer_TestTests.xctest */,
				F39AF23F2BC9896B004E95BA /* NetworkingLayer_TestUITests.xctest */,
			);
			name = Products;
			sourceTree = "<group>";
		};
		F39AF2272BC98969004E95BA /* NetworkingLayer_Test */ = {
			isa = PBXGroup;
			children = (
				F39AF2282BC98969004E95BA /* NetworkingLayer_TestApp.swift */,
				F39AF22A2BC98969004E95BA /* ContentView.swift */,
				F39AF22C2BC9896B004E95BA /* Assets.xcassets */,
				F39AF22E2BC9896B004E95BA /* Preview Content */,
			);
			path = NetworkingLayer_Test;
			sourceTree = "<group>";
		};
		F39AF22E2BC9896B004E95BA /* Preview Content */ = {
			isa = PBXGroup;
			children = (
				F39AF22F2BC9896B004E95BA /* Preview Assets.xcassets */,
			);
			path = "Preview Content";
			sourceTree = "<group>";
		};
		F39AF2382BC9896B004E95BA /* NetworkingLayer_TestTests */ = {
			isa = PBXGroup;
			children = (
				F39AF2392BC9896B004E95BA /* NetworkingLayer_TestTests.swift */,
			);
			path = NetworkingLayer_TestTests;
			sourceTree = "<group>";
		};
		F39AF2422BC9896B004E95BA /* NetworkingLayer_TestUITests */ = {
			isa = PBXGroup;
			children = (
				F39AF2432BC9896B004E95BA /* NetworkingLayer_TestUITests.swift */,
				F39AF2452BC9896B004E95BA /* NetworkingLayer_TestUITestsLaunchTests.swift */,
			);
			path = NetworkingLayer_TestUITests;
			sourceTree = "<group>";
		};
/* End PBXGroup section */

/* Begin PBXNativeTarget section */
		F39AF2242BC98969004E95BA /* NetworkingLayer_Test */ = {
			isa = PBXNativeTarget;
			buildConfigurationList = F39AF2492BC9896B004E95BA /* Build configuration list for PBXNativeTarget "NetworkingLayer_Test" */;
			buildPhases = (
				F39AF2212BC98969004E95BA /* Sources */,
				F39AF2222BC98969004E95BA /* Frameworks */,
				F39AF2232BC98969004E95BA /* Resources */,
			);
			buildRules = (
			);
			dependencies = (
			);
			name = NetworkingLayer_Test;
			productName = NetworkingLayer_Test;
			productReference = F39AF2252BC98969004E95BA /* NetworkingLayer_Test.app */;
			productType = "com.apple.product-type.application";
		};
		F39AF2342BC9896B004E95BA /* NetworkingLayer_TestTests */ = {
			isa = PBXNativeTarget;
			buildConfigurationList = F39AF24C2BC9896B004E95BA /* Build configuration list for PBXNativeTarget "NetworkingLayer_TestTests" */;
			buildPhases = (
				F39AF2312BC9896B004E95BA /* Sources */,
				F39AF2322BC9896B004E95BA /* Frameworks */,
				F39AF2332BC9896B004E95BA /* Resources */,
			);
			buildRules = (
			);
			dependencies = (
				F39AF2372BC9896B004E95BA /* PBXTargetDependency */,
			);
			name = NetworkingLayer_TestTests;
			productName = NetworkingLayer_TestTests;
			productReference = F39AF2352BC9896B004E95BA /* NetworkingLayer_TestTests.xctest */;
			productType = "com.apple.product-type.bundle.unit-test";
		};
		F39AF23E2BC9896B004E95BA /* NetworkingLayer_TestUITests */ = {
			isa = PBXNativeTarget;
			buildConfigurationList = F39AF24F2BC9896B004E95BA /* Build configuration list for PBXNativeTarget "NetworkingLayer_TestUITests" */;
			buildPhases = (
				F39AF23B2BC9896B004E95BA /* Sources */,
				F39AF23C2BC9896B004E95BA /* Frameworks */,
				F39AF23D2BC9896B004E95BA /* Resources */,
			);
			buildRules = (
			);
			dependencies = (
				F39AF2412BC9896B004E95BA /* PBXTargetDependency */,
			);
			name = NetworkingLayer_TestUITests;
			productName = NetworkingLayer_TestUITests;
			productReference = F39AF23F2BC9896B004E95BA /* NetworkingLayer_TestUITests.xctest */;
			productType = "com.apple.product-type.bundle.ui-testing";
		};
/* End PBXNativeTarget section */

/* Begin PBXProject section */
		F39AF21D2BC98969004E95BA /* Project object */ = {
			isa = PBXProject;
			attributes = {
				BuildIndependentTargetsInParallel = 1;
				LastSwiftUpdateCheck = 1520;
				LastUpgradeCheck = 1520;
				TargetAttributes = {
					F39AF2242BC98969004E95BA = {
						CreatedOnToolsVersion = 15.2;
					};
					F39AF2342BC9896B004E95BA = {
						CreatedOnToolsVersion = 15.2;
						TestTargetID = F39AF2242BC98969004E95BA;
					};
					F39AF23E2BC9896B004E95BA = {
						CreatedOnToolsVersion = 15.2;
						TestTargetID = F39AF2242BC98969004E95BA;
					};
				};
			};
			buildConfigurationList = F39AF2202BC98969004E95BA /* Build configuration list for PBXProject "NetworkingLayer_Test" */;
			compatibilityVersion = "Xcode 14.0";
			developmentRegion = en;
			hasScannedForEncodings = 0;
			knownRegions = (
				en,
				Base,
			);
			mainGroup = F39AF21C2BC98969004E95BA;
			productRefGroup = F39AF2262BC98969004E95BA /* Products */;
			projectDirPath = "";
			projectRoot = "";
			targets = (
				F39AF2242BC98969004E95BA /* NetworkingLayer_Test */,
				F39AF2342BC9896B004E95BA /* NetworkingLayer_TestTests */,
				F39AF23E2BC9896B004E95BA /* NetworkingLayer_TestUITests */,
			);
		};
/* End PBXProject section */

/* Begin PBXResourcesBuildPhase section */
		F39AF2232BC98969004E95BA /* Resources */ = {
			isa = PBXResourcesBuildPhase;
			buildActionMask = 2147483647;
			files = (
				F39AF2302BC9896B004E95BA /* Preview Assets.xcassets in Resources */,
				F39AF22D2BC9896B004E95BA /* Assets.xcassets in Resources */,
			);
			runOnlyForDeploymentPostprocessing = 0;
		};
		F39AF2332BC9896B004E95BA /* Resources */ = {
			isa = PBXResourcesBuildPhase;
			buildActionMask = 2147483647;
			files = (
			);
			runOnlyForDeploymentPostprocessing = 0;
		};
		F39AF23D2BC9896B004E95BA /* Resources */ = {
			isa = PBXResourcesBuildPhase;
			buildActionMask = 2147483647;
			files = (
			);
			runOnlyForDeploymentPostprocessing = 0;
		};
/* End PBXResourcesBuildPhase section */

/* Begin PBXSourcesBuildPhase section */
		F39AF2212BC98969004E95BA /* Sources */ = {
			isa = PBXSourcesBuildPhase;
			buildActionMask = 2147483647;
			files = (
				F39AF22B2BC98969004E95BA /* ContentView.swift in Sources */,
				F39AF2292BC98969004E95BA /* NetworkingLayer_TestApp.swift in Sources */,
			);
			runOnlyForDeploymentPostprocessing = 0;
		};
		F39AF2312BC9896B004E95BA /* Sources */ = {
			isa = PBXSourcesBuildPhase;
			buildActionMask = 2147483647;
			files = (
				F39AF23A2BC9896B004E95BA /* NetworkingLayer_TestTests.swift in Sources */,
			);
			runOnlyForDeploymentPostprocessing = 0;
		};
		F39AF23B2BC9896B004E95BA /* Sources */ = {
			isa = PBXSourcesBuildPhase;
			buildActionMask = 2147483647;
			files = (
				F39AF2462BC9896B004E95BA /* NetworkingLayer_TestUITestsLaunchTests.swift in Sources */,
				F39AF2442BC9896B004E95BA /* NetworkingLayer_TestUITests.swift in Sources */,
			);
			runOnlyForDeploymentPostprocessing = 0;
		};
/* End PBXSourcesBuildPhase section */

/* Begin PBXTargetDependency section */
		F39AF2372BC9896B004E95BA /* PBXTargetDependency */ = {
			isa = PBXTargetDependency;
			target = F39AF2242BC98969004E95BA /* NetworkingLayer_Test */;
			targetProxy = F39AF2362BC9896B004E95BA /* PBXContainerItemProxy */;
		};
		F39AF2412BC9896B004E95BA /* PBXTargetDependency */ = {
			isa = PBXTargetDependency;
			target = F39AF2242BC98969004E95BA /* NetworkingLayer_Test */;
			targetProxy = F39AF2402BC9896B004E95BA /* PBXContainerItemProxy */;
		};
/* End PBXTargetDependency section */

/* Begin XCBuildConfiguration section */
		F39AF2472BC9896B004E95BA /* Debug */ = {
			isa = XCBuildConfiguration;
			buildSettings = {
				ALWAYS_SEARCH_USER_PATHS = NO;
				ASSETCATALOG_COMPILER_GENERATE_SWIFT_ASSET_SYMBOL_EXTENSIONS = YES;
				CLANG_ANALYZER_NONNULL = YES;
				CLANG_ANALYZER_NUMBER_OBJECT_CONVERSION = YES_AGGRESSIVE;
				CLANG_CXX_LANGUAGE_STANDARD = "gnu++20";
				CLANG_ENABLE_MODULES = YES;
				CLANG_ENABLE_OBJC_ARC = YES;
				CLANG_ENABLE_OBJC_WEAK = YES;
				CLANG_WARN_BLOCK_CAPTURE_AUTORELEASING = YES;
				CLANG_WARN_BOOL_CONVERSION = YES;
				CLANG_WARN_COMMA = YES;
				CLANG_WARN_CONSTANT_CONVERSION = YES;
				CLANG_WARN_DEPRECATED_OBJC_IMPLEMENTATIONS = YES;
				CLANG_WARN_DIRECT_OBJC_ISA_USAGE = YES_ERROR;
				CLANG_WARN_DOCUMENTATION_COMMENTS = YES;
				CLANG_WARN_EMPTY_BODY = YES;
				CLANG_WARN_ENUM_CONVERSION = YES;
				CLANG_WARN_INFINITE_RECURSION = YES;
				CLANG_WARN_INT_CONVERSION = YES;
				CLANG_WARN_NON_LITERAL_NULL_CONVERSION = YES;
				CLANG_WARN_OBJC_IMPLICIT_RETAIN_SELF = YES;
				CLANG_WARN_OBJC_LITERAL_CONVERSION = YES;
				CLANG_WARN_OBJC_ROOT_CLASS = YES_ERROR;
				CLANG_WARN_QUOTED_INCLUDE_IN_FRAMEWORK_HEADER = YES;
				CLANG_WARN_RANGE_LOOP_ANALYSIS = YES;
				CLANG_WARN_STRICT_PROTOTYPES = YES;
				CLANG_WARN_SUSPICIOUS_MOVE = YES;
				CLANG_WARN_UNGUARDED_AVAILABILITY = YES_AGGRESSIVE;
				CLANG_WARN_UNREACHABLE_CODE = YES;
				CLANG_WARN__DUPLICATE_METHOD_MATCH = YES;
				COPY_PHASE_STRIP = NO;
				DEBUG_INFORMATION_FORMAT = dwarf;
				ENABLE_STRICT_OBJC_MSGSEND = YES;
				ENABLE_TESTABILITY = YES;
				ENABLE_USER_SCRIPT_SANDBOXING = YES;
				GCC_C_LANGUAGE_STANDARD = gnu17;
				GCC_DYNAMIC_NO_PIC = NO;
				GCC_NO_COMMON_BLOCKS = YES;
				GCC_OPTIMIZATION_LEVEL = 0;
				GCC_PREPROCESSOR_DEFINITIONS = (
					"DEBUG=1",
					"$(inherited)",
				);
				GCC_WARN_64_TO_32_BIT_CONVERSION = YES;
				GCC_WARN_ABOUT_RETURN_TYPE = YES_ERROR;
				GCC_WARN_UNDECLARED_SELECTOR = YES;
				GCC_WARN_UNINITIALIZED_AUTOS = YES_AGGRESSIVE;
				GCC_WARN_UNUSED_FUNCTION = YES;
				GCC_WARN_UNUSED_VARIABLE = YES;
				IPHONEOS_DEPLOYMENT_TARGET = 17.2;
				LOCALIZATION_PREFERS_STRING_CATALOGS = YES;
				MTL_ENABLE_DEBUG_INFO = INCLUDE_SOURCE;
				MTL_FAST_MATH = YES;
				ONLY_ACTIVE_ARCH = YES;
				SDKROOT = iphoneos;
				SWIFT_ACTIVE_COMPILATION_CONDITIONS = "DEBUG $(inherited)";
				SWIFT_OPTIMIZATION_LEVEL = "-Onone";
			};
			name = Debug;
		};
		F39AF2482BC9896B004E95BA /* Release */ = {
			isa = XCBuildConfiguration;
			buildSettings = {
				ALWAYS_SEARCH_USER_PATHS = NO;
				ASSETCATALOG_COMPILER_GENERATE_SWIFT_ASSET_SYMBOL_EXTENSIONS = YES;
				CLANG_ANALYZER_NONNULL = YES;
				CLANG_ANALYZER_NUMBER_OBJECT_CONVERSION = YES_AGGRESSIVE;
				CLANG_CXX_LANGUAGE_STANDARD = "gnu++20";
				CLANG_ENABLE_MODULES = YES;
				CLANG_ENABLE_OBJC_ARC = YES;
				CLANG_ENABLE_OBJC_WEAK = YES;
				CLANG_WARN_BLOCK_CAPTURE_AUTORELEASING = YES;
				CLANG_WARN_BOOL_CONVERSION = YES;
				CLANG_WARN_COMMA = YES;
				CLANG_WARN_CONSTANT_CONVERSION = YES;
				CLANG_WARN_DEPRECATED_OBJC_IMPLEMENTATIONS = YES;
				CLANG_WARN_DIRECT_OBJC_ISA_USAGE = YES_ERROR;
				CLANG_WARN_DOCUMENTATION_COMMENTS = YES;
				CLANG_WARN_EMPTY_BODY = YES;
				CLANG_WARN_ENUM_CONVERSION = YES;
				CLANG_WARN_INFINITE_RECURSION = YES;
				CLANG_WARN_INT_CONVERSION = YES;
				CLANG_WARN_NON_LITERAL_NULL_CONVERSION = YES;
				CLANG_WARN_OBJC_IMPLICIT_RETAIN_SELF = YES;
				CLANG_WARN_OBJC_LITERAL_CONVERSION = YES;
				CLANG_WARN_OBJC_ROOT_CLASS = YES_ERROR;
				CLANG_WARN_QUOTED_INCLUDE_IN_FRAMEWORK_HEADER = YES;
				CLANG_WARN_RANGE_LOOP_ANALYSIS = YES;
				CLANG_WARN_STRICT_PROTOTYPES = YES;
				CLANG_WARN_SUSPICIOUS_MOVE = YES;
				CLANG_WARN_UNGUARDED_AVAILABILITY = YES_AGGRESSIVE;
				CLANG_WARN_UNREACHABLE_CODE = YES;
				CLANG_WARN__DUPLICATE_METHOD_MATCH = YES;
				COPY_PHASE_STRIP = NO;
				DEBUG_INFORMATION_FORMAT = "dwarf-with-dsym";
				ENABLE_NS_ASSERTIONS = NO;
				ENABLE_STRICT_OBJC_MSGSEND = YES;
				ENABLE_USER_SCRIPT_SANDBOXING = YES;
				GCC_C_LANGUAGE_STANDARD = gnu17;
				GCC_NO_COMMON_BLOCKS = YES;
				GCC_WARN_64_TO_32_BIT_CONVERSION = YES;
				GCC_WARN_ABOUT_RETURN_TYPE = YES_ERROR;
				GCC_WARN_UNDECLARED_SELECTOR = YES;
				GCC_WARN_UNINITIALIZED_AUTOS = YES_AGGRESSIVE;
				GCC_WARN_UNUSED_FUNCTION = YES;
				GCC_WARN_UNUSED_VARIABLE = YES;
				IPHONEOS_DEPLOYMENT_TARGET = 17.2;
				LOCALIZATION_PREFERS_STRING_CATALOGS = YES;
				MTL_ENABLE_DEBUG_INFO = NO;
				MTL_FAST_MATH = YES;
				SDKROOT = iphoneos;
				SWIFT_COMPILATION_MODE = wholemodule;
				VALIDATE_PRODUCT = YES;
			};
			name = Release;
		};
		F39AF24A2BC9896B004E95BA /* Debug */ = {
			isa = XCBuildConfiguration;
			buildSettings = {
				ASSETCATALOG_COMPILER_APPICON_NAME = AppIcon;
				ASSETCATALOG_COMPILER_GLOBAL_ACCENT_COLOR_NAME = AccentColor;
				CODE_SIGN_STYLE = Automatic;
				CURRENT_PROJECT_VERSION = 1;
				DEVELOPMENT_ASSET_PATHS = "\"NetworkingLayer_Test/Preview Content\"";
				ENABLE_PREVIEWS = YES;
				GENERATE_INFOPLIST_FILE = YES;
				INFOPLIST_KEY_UIApplicationSceneManifest_Generation = YES;
				INFOPLIST_KEY_UIApplicationSupportsIndirectInputEvents = YES;
				INFOPLIST_KEY_UILaunchScreen_Generation = YES;
				INFOPLIST_KEY_UISupportedInterfaceOrientations_iPad = "UIInterfaceOrientationPortrait UIInterfaceOrientationPortraitUpsideDown UIInterfaceOrientationLandscapeLeft UIInterfaceOrientationLandscapeRight";
				INFOPLIST_KEY_UISupportedInterfaceOrientations_iPhone = "UIInterfaceOrientationPortrait UIInterfaceOrientationLandscapeLeft UIInterfaceOrientationLandscapeRight";
				LD_RUNPATH_SEARCH_PATHS = (
					"$(inherited)",
					"@executable_path/Frameworks",
				);
				MARKETING_VERSION = 1.0;
				PRODUCT_BUNDLE_IDENTIFIER = "SelfWork.NetworkingLayer-Test";
				PRODUCT_NAME = "$(TARGET_NAME)";
				SWIFT_EMIT_LOC_STRINGS = YES;
				SWIFT_VERSION = 5.0;
				TARGETED_DEVICE_FAMILY = "1,2";
			};
			name = Debug;
		};
		F39AF24B2BC9896B004E95BA /* Release */ = {
			isa = XCBuildConfiguration;
			buildSettings = {
				ASSETCATALOG_COMPILER_APPICON_NAME = AppIcon;
				ASSETCATALOG_COMPILER_GLOBAL_ACCENT_COLOR_NAME = AccentColor;
				CODE_SIGN_STYLE = Automatic;
				CURRENT_PROJECT_VERSION = 1;
				DEVELOPMENT_ASSET_PATHS = "\"NetworkingLayer_Test/Preview Content\"";
				ENABLE_PREVIEWS = YES;
				GENERATE_INFOPLIST_FILE = YES;
				INFOPLIST_KEY_UIApplicationSceneManifest_Generation = YES;
				INFOPLIST_KEY_UIApplicationSupportsIndirectInputEvents = YES;
				INFOPLIST_KEY_UILaunchScreen_Generation = YES;
				INFOPLIST_KEY_UISupportedInterfaceOrientations_iPad = "UIInterfaceOrientationPortrait UIInterfaceOrientationPortraitUpsideDown UIInterfaceOrientationLandscapeLeft UIInterfaceOrientationLandscapeRight";
				INFOPLIST_KEY_UISupportedInterfaceOrientations_iPhone = "UIInterfaceOrientationPortrait UIInterfaceOrientationLandscapeLeft UIInterfaceOrientationLandscapeRight";
				LD_RUNPATH_SEARCH_PATHS = (
					"$(inherited)",
					"@executable_path/Frameworks",
				);
				MARKETING_VERSION = 1.0;
				PRODUCT_BUNDLE_IDENTIFIER = "SelfWork.NetworkingLayer-Test";
				PRODUCT_NAME = "$(TARGET_NAME)";
				SWIFT_EMIT_LOC_STRINGS = YES;
				SWIFT_VERSION = 5.0;
				TARGETED_DEVICE_FAMILY = "1,2";
			};
			name = Release;
		};
		F39AF24D2BC9896B004E95BA /* Debug */ = {
			isa = XCBuildConfiguration;
			buildSettings = {
				ALWAYS_EMBED_SWIFT_STANDARD_LIBRARIES = YES;
				BUNDLE_LOADER = "$(TEST_HOST)";
				CODE_SIGN_STYLE = Automatic;
				CURRENT_PROJECT_VERSION = 1;
				GENERATE_INFOPLIST_FILE = YES;
				IPHONEOS_DEPLOYMENT_TARGET = 17.2;
				MARKETING_VERSION = 1.0;
				PRODUCT_BUNDLE_IDENTIFIER = "SelfWork.NetworkingLayer-TestTests";
				PRODUCT_NAME = "$(TARGET_NAME)";
				SWIFT_EMIT_LOC_STRINGS = NO;
				SWIFT_VERSION = 5.0;
				TARGETED_DEVICE_FAMILY = "1,2";
				TEST_HOST = "$(BUILT_PRODUCTS_DIR)/NetworkingLayer_Test.app/$(BUNDLE_EXECUTABLE_FOLDER_PATH)/NetworkingLayer_Test";
			};
			name = Debug;
		};
		F39AF24E2BC9896B004E95BA /* Release */ = {
			isa = XCBuildConfiguration;
			buildSettings = {
				ALWAYS_EMBED_SWIFT_STANDARD_LIBRARIES = YES;
				BUNDLE_LOADER = "$(TEST_HOST)";
				CODE_SIGN_STYLE = Automatic;
				CURRENT_PROJECT_VERSION = 1;
				GENERATE_INFOPLIST_FILE = YES;
				IPHONEOS_DEPLOYMENT_TARGET = 17.2;
				MARKETING_VERSION = 1.0;
				PRODUCT_BUNDLE_IDENTIFIER = "SelfWork.NetworkingLayer-TestTests";
				PRODUCT_NAME = "$(TARGET_NAME)";
				SWIFT_EMIT_LOC_STRINGS = NO;
				SWIFT_VERSION = 5.0;
				TARGETED_DEVICE_FAMILY = "1,2";
				TEST_HOST = "$(BUILT_PRODUCTS_DIR)/NetworkingLayer_Test.app/$(BUNDLE_EXECUTABLE_FOLDER_PATH)/NetworkingLayer_Test";
			};
			name = Release;
		};
		F39AF2502BC9896B004E95BA /* Debug */ = {
			isa = XCBuildConfiguration;
			buildSettings = {
				ALWAYS_EMBED_SWIFT_STANDARD_LIBRARIES = YES;
				CODE_SIGN_STYLE = Automatic;
				CURRENT_PROJECT_VERSION = 1;
				GENERATE_INFOPLIST_FILE = YES;
				MARKETING_VERSION = 1.0;
				PRODUCT_BUNDLE_IDENTIFIER = "SelfWork.NetworkingLayer-TestUITests";
				PRODUCT_NAME = "$(TARGET_NAME)";
				SWIFT_EMIT_LOC_STRINGS = NO;
				SWIFT_VERSION = 5.0;
				TARGETED_DEVICE_FAMILY = "1,2";
				TEST_TARGET_NAME = NetworkingLayer_Test;
			};
			name = Debug;
		};
		F39AF2512BC9896B004E95BA /* Release */ = {
			isa = XCBuildConfiguration;
			buildSettings = {
				ALWAYS_EMBED_SWIFT_STANDARD_LIBRARIES = YES;
				CODE_SIGN_STYLE = Automatic;
				CURRENT_PROJECT_VERSION = 1;
				GENERATE_INFOPLIST_FILE = YES;
				MARKETING_VERSION = 1.0;
				PRODUCT_BUNDLE_IDENTIFIER = "SelfWork.NetworkingLayer-TestUITests";
				PRODUCT_NAME = "$(TARGET_NAME)";
				SWIFT_EMIT_LOC_STRINGS = NO;
				SWIFT_VERSION = 5.0;
				TARGETED_DEVICE_FAMILY = "1,2";
				TEST_TARGET_NAME = NetworkingLayer_Test;
			};
			name = Release;
		};
/* End XCBuildConfiguration section */

/* Begin XCConfigurationList section */
		F39AF2202BC98969004E95BA /* Build configuration list for PBXProject "NetworkingLayer_Test" */ = {
			isa = XCConfigurationList;
			buildConfigurations = (
				F39AF2472BC9896B004E95BA /* Debug */,
				F39AF2482BC9896B004E95BA /* Release */,
			);
			defaultConfigurationIsVisible = 0;
			defaultConfigurationName = Release;
		};
		F39AF2492BC9896B004E95BA /* Build configuration list for PBXNativeTarget "NetworkingLayer_Test" */ = {
			isa = XCConfigurationList;
			buildConfigurations = (
				F39AF24A2BC9896B004E95BA /* Debug */,
				F39AF24B2BC9896B004E95BA /* Release */,
			);
			defaultConfigurationIsVisible = 0;
			defaultConfigurationName = Release;
		};
		F39AF24C2BC9896B004E95BA /* Build configuration list for PBXNativeTarget "NetworkingLayer_TestTests" */ = {
			isa = XCConfigurationList;
			buildConfigurations = (
				F39AF24D2BC9896B004E95BA /* Debug */,
				F39AF24E2BC9896B004E95BA /* Release */,
			);
			defaultConfigurationIsVisible = 0;
			defaultConfigurationName = Release;
		};
		F39AF24F2BC9896B004E95BA /* Build configuration list for PBXNativeTarget "NetworkingLayer_TestUITests" */ = {
			isa = XCConfigurationList;
			buildConfigurations = (
				F39AF2502BC9896B004E95BA /* Debug */,
				F39AF2512BC9896B004E95BA /* Release */,
			);
			defaultConfigurationIsVisible = 0;
			defaultConfigurationName = Release;
		};
/* End XCConfigurationList section */
	};
	rootObject = F39AF21D2BC98969004E95BA /* Project object */;
}
